
Microsoft Visual Studio Solution File, Format Version 12.00
# Visual Studio Version 17
VisualStudioVersion = 17.12.35527.113 d17.12
MinimumVisualStudioVersion = 10.0.40219.1
Project("{FAE04EC0-301F-11D3-BF4B-00C04F79EFBC}") = "PriceComparisonWebAPI", "PriceComparisonWebAPI\PriceComparisonWebAPI.csproj", "{3ECB743F-E7E1-4E7F-9553-20DA5C79736B}"
EndProject
Project("{FAE04EC0-301F-11D3-BF4B-00C04F79EFBC}") = "BLL", "BLL\BLL.csproj", "{FC10D147-B2E7-4854-9657-82691CC54CF3}"
EndProject
Project("{FAE04EC0-301F-11D3-BF4B-00C04F79EFBC}") = "DLL", "DLL\DLL.csproj", "{DD425847-A348-4C8A-9DC3-7F7E36C8114E}"
EndProject
Project("{FAE04EC0-301F-11D3-BF4B-00C04F79EFBC}") = "Domain", "Domain\Domain.csproj", "{43FE6161-1D9B-4604-A4DE-88918E1F7499}"
EndProject
Global
	GlobalSection(SolutionConfigurationPlatforms) = preSolution
		Debug|Any CPU = Debug|Any CPU
		Release|Any CPU = Release|Any CPU
	EndGlobalSection
	GlobalSection(ProjectConfigurationPlatforms) = postSolution
		{3ECB743F-E7E1-4E7F-9553-20DA5C79736B}.Debug|Any CPU.ActiveCfg = Debug|Any CPU
		{3ECB743F-E7E1-4E7F-9553-20DA5C79736B}.Debug|Any CPU.Build.0 = Debug|Any CPU
		{3ECB743F-E7E1-4E7F-9553-20DA5C79736B}.Release|Any CPU.ActiveCfg = Release|Any CPU
		{3ECB743F-E7E1-4E7F-9553-20DA5C79736B}.Release|Any CPU.Build.0 = Release|Any CPU
		{FC10D147-B2E7-4854-9657-82691CC54CF3}.Debug|Any CPU.ActiveCfg = Debug|Any CPU
		{FC10D147-B2E7-4854-9657-82691CC54CF3}.Debug|Any CPU.Build.0 = Debug|Any CPU
		{FC10D147-B2E7-4854-9657-82691CC54CF3}.Release|Any CPU.ActiveCfg = Release|Any CPU
		{FC10D147-B2E7-4854-9657-82691CC54CF3}.Release|Any CPU.Build.0 = Release|Any CPU
		{DD425847-A348-4C8A-9DC3-7F7E36C8114E}.Debug|Any CPU.ActiveCfg = Debug|Any CPU
		{DD425847-A348-4C8A-9DC3-7F7E36C8114E}.Debug|Any CPU.Build.0 = Debug|Any CPU
		{DD425847-A348-4C8A-9DC3-7F7E36C8114E}.Release|Any CPU.ActiveCfg = Release|Any CPU
		{DD425847-A348-4C8A-9DC3-7F7E36C8114E}.Release|Any CPU.Build.0 = Release|Any CPU
		{43FE6161-1D9B-4604-A4DE-88918E1F7499}.Debug|Any CPU.ActiveCfg = Debug|Any CPU
		{43FE6161-1D9B-4604-A4DE-88918E1F7499}.Debug|Any CPU.Build.0 = Debug|Any CPU
		{43FE6161-1D9B-4604-A4DE-88918E1F7499}.Release|Any CPU.ActiveCfg = Release|Any CPU
		{43FE6161-1D9B-4604-A4DE-88918E1F7499}.Release|Any CPU.Build.0 = Release|Any CPU
	EndGlobalSection
	GlobalSection(SolutionProperties) = preSolution
		HideSolutionNode = FALSE
	EndGlobalSection
EndGlobal
